
Microsoft Visual Studio Solution File, Format Version 12.00
# Visual Studio Version 17
VisualStudioVersion = 17.6.33829.357
MinimumVisualStudioVersion = 10.0.40219.1
Project("{9A19103F-16F7-4668-BE54-9A1E7A4F7556}") = "FilmesAPI", "FilmesAPI.csproj", "{925B4691-776B-423D-98B3-AC160A3216F7}"
EndProject
Project("{FAE04EC0-301F-11D3-BF4B-00C04F79EFBC}") = "DesafioApiFilme", "..\DesafioApiFilme\DesafioApiFilme.csproj", "{2903DFEF-47A3-4BC1-BC5A-CC4959DB2715}"
EndProject
Global
	GlobalSection(SolutionConfigurationPlatforms) = preSolution
		Debug|Any CPU = Debug|Any CPU
		Release|Any CPU = Release|Any CPU
	EndGlobalSection
	GlobalSection(ProjectConfigurationPlatforms) = postSolution
		{925B4691-776B-423D-98B3-AC160A3216F7}.Debug|Any CPU.ActiveCfg = Debug|Any CPU
		{925B4691-776B-423D-98B3-AC160A3216F7}.Debug|Any CPU.Build.0 = Debug|Any CPU
		{925B4691-776B-423D-98B3-AC160A3216F7}.Release|Any CPU.ActiveCfg = Release|Any CPU
		{925B4691-776B-423D-98B3-AC160A3216F7}.Release|Any CPU.Build.0 = Release|Any CPU
		{2903DFEF-47A3-4BC1-BC5A-CC4959DB2715}.Debug|Any CPU.ActiveCfg = Debug|Any CPU
		{2903DFEF-47A3-4BC1-BC5A-CC4959DB2715}.Debug|Any CPU.Build.0 = Debug|Any CPU
		{2903DFEF-47A3-4BC1-BC5A-CC4959DB2715}.Release|Any CPU.ActiveCfg = Release|Any CPU
		{2903DFEF-47A3-4BC1-BC5A-CC4959DB2715}.Release|Any CPU.Build.0 = Release|Any CPU
	EndGlobalSection
	GlobalSection(SolutionProperties) = preSolution
		HideSolutionNode = FALSE
	EndGlobalSection
	GlobalSection(ExtensibilityGlobals) = postSolution
		SolutionGuid = {CC8E1C7F-CB95-42A1-968F-F0802B469660}
	EndGlobalSection
EndGlobal
